version = 1
revision = 2
requires-python = ">=3.9"

[[package]]
name = "pybind11-stubgen"
version = "2.5.5"
source = { registry = "https://pypi.org/simple" }
sdist = { url = "https://files.pythonhosted.org/packages/81/81/81900180501a51056572dd01aa852cc2d162478d4676ecebbfaad5cc20d1/pybind11_stubgen-2.5.5.tar.gz", hash = "sha256:758d6d6bbeefc62ad7f78d5e5bbf357ccf6af83cd4504f5f549403f452942708", size = 25031, upload-time = "2025-08-09T01:22:44.403Z" }
wheels = [
    { url = "https://files.pythonhosted.org/packages/4f/e4/4f2d41881fae547f06ffa4c9748fa8ed13c4db5c830ff268b84175546b3c/pybind11_stubgen-2.5.5-py3-none-any.whl", hash = "sha256:10824cd2fc5cbbee032b8fb39e6f6c08de232deb309bc66d786a6c6e8a4601bd", size = 30210, upload-time = "2025-08-09T01:22:43.135Z" },
]

[[package]]
name = "pykarstnsim"
version = "0.1.61"
source = { editable = "." }

[package.dev-dependencies]
dev = [
    { name = "pybind11-stubgen" },
    { name = "pykarstnsim" },
]

[package.metadata]

[package.metadata.requires-dev]
dev = [
    { name = "pybind11-stubgen", specifier = ">=2.5.5" },
    { name = "pykarstnsim", editable = "." },
]
